
Microsoft Visual Studio Solution File, Format Version 12.00
# Visual Studio Version 17
VisualStudioVersion = 17.11.35312.102
MinimumVisualStudioVersion = 10.0.40219.1
Project("{FAE04EC0-301F-11D3-BF4B-00C04F79EFBC}") = "CALC227195.1", "CALC227195.1\CALC227195.1.csproj", "{8E302A32-ACF9-405E-97FA-9DEE5EFC3065}"
EndProject
Global
	GlobalSection(SolutionConfigurationPlatforms) = preSolution
		Debug|Any CPU = Debug|Any CPU
		Release|Any CPU = Release|Any CPU
	EndGlobalSection
	GlobalSection(ProjectConfigurationPlatforms) = postSolution
		{8E302A32-ACF9-405E-97FA-9DEE5EFC3065}.Debug|Any CPU.ActiveCfg = Debug|Any CPU
		{8E302A32-ACF9-405E-97FA-9DEE5EFC3065}.Debug|Any CPU.Build.0 = Debug|Any CPU
		{8E302A32-ACF9-405E-97FA-9DEE5EFC3065}.Release|Any CPU.ActiveCfg = Release|Any CPU
		{8E302A32-ACF9-405E-97FA-9DEE5EFC3065}.Release|Any CPU.Build.0 = Release|Any CPU
	EndGlobalSection
	GlobalSection(SolutionProperties) = preSolution
		HideSolutionNode = FALSE
	EndGlobalSection
	GlobalSection(ExtensibilityGlobals) = postSolution
		SolutionGuid = {84B94C25-3697-4DF0-9678-71109345CEEE}
	EndGlobalSection
EndGlobal
